// !$*UTF8*$!
{
	archiveVersion = 1;
	classes = {
	};
	objectVersion = 56;
	objects = {

/* Begin PBXBuildFile section */
		6D3588C62BEDD57A009EC508 /* OlafMessengerApp.swift in Sources */ = {isa = PBXBuildFile; fileRef = 6D3588C52BEDD57A009EC508 /* OlafMessengerApp.swift */; };
		6D3588C82BEDD57A009EC508 /* ContentView.swift in Sources */ = {isa = PBXBuildFile; fileRef = 6D3588C72BEDD57A009EC508 /* ContentView.swift */; };
		6D3588CA2BEDD57C009EC508 /* Assets.xcassets in Resources */ = {isa = PBXBuildFile; fileRef = 6D3588C92BEDD57C009EC508 /* Assets.xcassets */; };
		6D3588CD2BEDD57C009EC508 /* Preview Assets.xcassets in Resources */ = {isa = PBXBuildFile; fileRef = 6D3588CC2BEDD57C009EC508 /* Preview Assets.xcassets */; };
		6D3588CF2BEDD57C009EC508 /* Persistence.swift in Sources */ = {isa = PBXBuildFile; fileRef = 6D3588CE2BEDD57C009EC508 /* Persistence.swift */; };
		6D3588D22BEDD57C009EC508 /* OlafMessenger.xcdatamodeld in Sources */ = {isa = PBXBuildFile; fileRef = 6D3588D02BEDD57C009EC508 /* OlafMessenger.xcdatamodeld */; };
		6D3588DA2BEE6164009EC508 /* ArticleModel.swift in Sources */ = {isa = PBXBuildFile; fileRef = 6D3588D92BEE6164009EC508 /* ArticleModel.swift */; };
		6D3588DC2BEE66B9009EC508 /* ArticleData.swift in Sources */ = {isa = PBXBuildFile; fileRef = 6D3588DB2BEE66B9009EC508 /* ArticleData.swift */; };
		6D3588DF2BEE66F5009EC508 /* Service.swift in Sources */ = {isa = PBXBuildFile; fileRef = 6D3588DE2BEE66F5009EC508 /* Service.swift */; };
		6D3588E12BEE672B009EC508 /* FavoriteArticleModel.swift in Sources */ = {isa = PBXBuildFile; fileRef = 6D3588E02BEE672B009EC508 /* FavoriteArticleModel.swift */; };
		6D3588E32BEE6A5C009EC508 /* ArticleRow.swift in Sources */ = {isa = PBXBuildFile; fileRef = 6D3588E22BEE6A5C009EC508 /* ArticleRow.swift */; };
		6D3588E52BEE6A6B009EC508 /* ArticleList.swift in Sources */ = {isa = PBXBuildFile; fileRef = 6D3588E42BEE6A6B009EC508 /* ArticleList.swift */; };
		6D3588E72BEE6A7B009EC508 /* ArticleDetail.swift in Sources */ = {isa = PBXBuildFile; fileRef = 6D3588E62BEE6A7B009EC508 /* ArticleDetail.swift */; };
		6D35890C2BEEB788009EC508 /* AboutView.swift in Sources */ = {isa = PBXBuildFile; fileRef = 6D35890B2BEEB788009EC508 /* AboutView.swift */; };
		6DC293472BF2B14400099131 /* ArticleListModel.swift in Sources */ = {isa = PBXBuildFile; fileRef = 6DC293462BF2B14400099131 /* ArticleListModel.swift */; };
/* End PBXBuildFile section */

/* Begin PBXFileReference section */
		6D3588C22BEDD57A009EC508 /* OlafMessenger.app */ = {isa = PBXFileReference; explicitFileType = wrapper.application; includeInIndex = 0; path = OlafMessenger.app; sourceTree = BUILT_PRODUCTS_DIR; };
		6D3588C52BEDD57A009EC508 /* OlafMessengerApp.swift */ = {isa = PBXFileReference; lastKnownFileType = sourcecode.swift; path = OlafMessengerApp.swift; sourceTree = "<group>"; };
		6D3588C72BEDD57A009EC508 /* ContentView.swift */ = {isa = PBXFileReference; lastKnownFileType = sourcecode.swift; path = ContentView.swift; sourceTree = "<group>"; };
		6D3588C92BEDD57C009EC508 /* Assets.xcassets */ = {isa = PBXFileReference; lastKnownFileType = folder.assetcatalog; path = Assets.xcassets; sourceTree = "<group>"; };
		6D3588CC2BEDD57C009EC508 /* Preview Assets.xcassets */ = {isa = PBXFileReference; lastKnownFileType = folder.assetcatalog; path = "Preview Assets.xcassets"; sourceTree = "<group>"; };
		6D3588CE2BEDD57C009EC508 /* Persistence.swift */ = {isa = PBXFileReference; lastKnownFileType = sourcecode.swift; path = Persistence.swift; sourceTree = "<group>"; };
		6D3588D12BEDD57C009EC508 /* OlafMessenger.xcdatamodel */ = {isa = PBXFileReference; lastKnownFileType = wrapper.xcdatamodel; path = OlafMessenger.xcdatamodel; sourceTree = "<group>"; };
		6D3588D92BEE6164009EC508 /* ArticleModel.swift */ = {isa = PBXFileReference; lastKnownFileType = sourcecode.swift; path = ArticleModel.swift; sourceTree = "<group>"; };
		6D3588DB2BEE66B9009EC508 /* ArticleData.swift */ = {isa = PBXFileReference; lastKnownFileType = sourcecode.swift; path = ArticleData.swift; sourceTree = "<group>"; };
		6D3588DE2BEE66F5009EC508 /* Service.swift */ = {isa = PBXFileReference; lastKnownFileType = sourcecode.swift; path = Service.swift; sourceTree = "<group>"; };
		6D3588E02BEE672B009EC508 /* FavoriteArticleModel.swift */ = {isa = PBXFileReference; lastKnownFileType = sourcecode.swift; path = FavoriteArticleModel.swift; sourceTree = "<group>"; };
		6D3588E22BEE6A5C009EC508 /* ArticleRow.swift */ = {isa = PBXFileReference; lastKnownFileType = sourcecode.swift; path = ArticleRow.swift; sourceTree = "<group>"; };
		6D3588E42BEE6A6B009EC508 /* ArticleList.swift */ = {isa = PBXFileReference; lastKnownFileType = sourcecode.swift; path = ArticleList.swift; sourceTree = "<group>"; };
		6D3588E62BEE6A7B009EC508 /* ArticleDetail.swift */ = {isa = PBXFileReference; lastKnownFileType = sourcecode.swift; path = ArticleDetail.swift; sourceTree = "<group>"; };
		6D35890B2BEEB788009EC508 /* AboutView.swift */ = {isa = PBXFileReference; lastKnownFileType = sourcecode.swift; path = AboutView.swift; sourceTree = "<group>"; };
		6DC293462BF2B14400099131 /* ArticleListModel.swift */ = {isa = PBXFileReference; lastKnownFileType = sourcecode.swift; path = ArticleListModel.swift; sourceTree = "<group>"; };
/* End PBXFileReference section */

/* Begin PBXFrameworksBuildPhase section */
		6D3588BF2BEDD57A009EC508 /* Frameworks */ = {
			isa = PBXFrameworksBuildPhase;
			buildActionMask = 2147483647;
			files = (
			);
			runOnlyForDeploymentPostprocessing = 0;
		};
/* End PBXFrameworksBuildPhase section */

/* Begin PBXGroup section */
		6D3588B92BEDD57A009EC508 = {
			isa = PBXGroup;
			children = (
				6D3588C42BEDD57A009EC508 /* OlafMessenger */,
				6D3588C32BEDD57A009EC508 /* Products */,
			);
			sourceTree = "<group>";
		};
		6D3588C32BEDD57A009EC508 /* Products */ = {
			isa = PBXGroup;
			children = (
				6D3588C22BEDD57A009EC508 /* OlafMessenger.app */,
			);
			name = Products;
			sourceTree = "<group>";
		};
		6D3588C42BEDD57A009EC508 /* OlafMessenger */ = {
			isa = PBXGroup;
			children = (
				6D3588E22BEE6A5C009EC508 /* ArticleRow.swift */,
				6D3588E42BEE6A6B009EC508 /* ArticleList.swift */,
				6D3588E62BEE6A7B009EC508 /* ArticleDetail.swift */,
				6D3588DB2BEE66B9009EC508 /* ArticleData.swift */,
				6D3588DD2BEE66EA009EC508 /* Service */,
				6D3588D82BEE614F009EC508 /* Models */,
				6D3588C52BEDD57A009EC508 /* OlafMessengerApp.swift */,
				6D3588C72BEDD57A009EC508 /* ContentView.swift */,
				6D3588C92BEDD57C009EC508 /* Assets.xcassets */,
				6D3588CE2BEDD57C009EC508 /* Persistence.swift */,
				6D3588D02BEDD57C009EC508 /* OlafMessenger.xcdatamodeld */,
				6D3588CB2BEDD57C009EC508 /* Preview Content */,
				6D35890B2BEEB788009EC508 /* AboutView.swift */,
			);
			path = OlafMessenger;
			sourceTree = "<group>";
		};
		6D3588CB2BEDD57C009EC508 /* Preview Content */ = {
			isa = PBXGroup;
			children = (
				6D3588CC2BEDD57C009EC508 /* Preview Assets.xcassets */,
			);
			path = "Preview Content";
			sourceTree = "<group>";
		};
		6D3588D82BEE614F009EC508 /* Models */ = {
			isa = PBXGroup;
			children = (
				6D3588D92BEE6164009EC508 /* ArticleModel.swift */,
				6D3588E02BEE672B009EC508 /* FavoriteArticleModel.swift */,
				6DC293462BF2B14400099131 /* ArticleListModel.swift */,
			);
			path = Models;
			sourceTree = "<group>";
		};
		6D3588DD2BEE66EA009EC508 /* Service */ = {
			isa = PBXGroup;
			children = (
				6D3588DE2BEE66F5009EC508 /* Service.swift */,
			);
			path = Service;
			sourceTree = "<group>";
		};
/* End PBXGroup section */

/* Begin PBXNativeTarget section */
		6D3588C12BEDD57A009EC508 /* OlafMessenger */ = {
			isa = PBXNativeTarget;
			buildConfigurationList = 6D3588D52BEDD57C009EC508 /* Build configuration list for PBXNativeTarget "OlafMessenger" */;
			buildPhases = (
				6D3588BE2BEDD57A009EC508 /* Sources */,
				6D3588BF2BEDD57A009EC508 /* Frameworks */,
				6D3588C02BEDD57A009EC508 /* Resources */,
			);
			buildRules = (
			);
			dependencies = (
			);
			name = OlafMessenger;
			productName = OlafMessenger;
			productReference = 6D3588C22BEDD57A009EC508 /* OlafMessenger.app */;
			productType = "com.apple.product-type.application";
		};
/* End PBXNativeTarget section */

/* Begin PBXProject section */
		6D3588BA2BEDD57A009EC508 /* Project object */ = {
			isa = PBXProject;
			attributes = {
				BuildIndependentTargetsInParallel = 1;
				LastSwiftUpdateCheck = 1530;
				LastUpgradeCheck = 1530;
				TargetAttributes = {
					6D3588C12BEDD57A009EC508 = {
						CreatedOnToolsVersion = 15.3;
					};
				};
			};
			buildConfigurationList = 6D3588BD2BEDD57A009EC508 /* Build configuration list for PBXProject "OlafMessenger" */;
			compatibilityVersion = "Xcode 14.0";
			developmentRegion = en;
			hasScannedForEncodings = 0;
			knownRegions = (
				en,
				Base,
			);
			mainGroup = 6D3588B92BEDD57A009EC508;
			productRefGroup = 6D3588C32BEDD57A009EC508 /* Products */;
			projectDirPath = "";
			projectRoot = "";
			targets = (
				6D3588C12BEDD57A009EC508 /* OlafMessenger */,
			);
		};
/* End PBXProject section */

/* Begin PBXResourcesBuildPhase section */
		6D3588C02BEDD57A009EC508 /* Resources */ = {
			isa = PBXResourcesBuildPhase;
			buildActionMask = 2147483647;
			files = (
				6D3588CD2BEDD57C009EC508 /* Preview Assets.xcassets in Resources */,
				6D3588CA2BEDD57C009EC508 /* Assets.xcassets in Resources */,
			);
			runOnlyForDeploymentPostprocessing = 0;
		};
/* End PBXResourcesBuildPhase section */

/* Begin PBXSourcesBuildPhase section */
		6D3588BE2BEDD57A009EC508 /* Sources */ = {
			isa = PBXSourcesBuildPhase;
			buildActionMask = 2147483647;
			files = (
				6D3588CF2BEDD57C009EC508 /* Persistence.swift in Sources */,
				6D3588DF2BEE66F5009EC508 /* Service.swift in Sources */,
				6D3588E52BEE6A6B009EC508 /* ArticleList.swift in Sources */,
				6D3588E12BEE672B009EC508 /* FavoriteArticleModel.swift in Sources */,
				6D35890C2BEEB788009EC508 /* AboutView.swift in Sources */,
				6D3588DA2BEE6164009EC508 /* ArticleModel.swift in Sources */,
				6D3588D22BEDD57C009EC508 /* OlafMessenger.xcdatamodeld in Sources */,
				6D3588C82BEDD57A009EC508 /* ContentView.swift in Sources */,
				6D3588E72BEE6A7B009EC508 /* ArticleDetail.swift in Sources */,
				6D3588DC2BEE66B9009EC508 /* ArticleData.swift in Sources */,
				6D3588C62BEDD57A009EC508 /* OlafMessengerApp.swift in Sources */,
				6D3588E32BEE6A5C009EC508 /* ArticleRow.swift in Sources */,
				6DC293472BF2B14400099131 /* ArticleListModel.swift in Sources */,
			);
			runOnlyForDeploymentPostprocessing = 0;
		};
/* End PBXSourcesBuildPhase section */

/* Begin XCBuildConfiguration section */
		6D3588D32BEDD57C009EC508 /* Debug */ = {
			isa = XCBuildConfiguration;
			buildSettings = {
				ALWAYS_SEARCH_USER_PATHS = NO;
				ASSETCATALOG_COMPILER_GENERATE_SWIFT_ASSET_SYMBOL_EXTENSIONS = YES;
				CLANG_ANALYZER_NONNULL = YES;
				CLANG_ANALYZER_NUMBER_OBJECT_CONVERSION = YES_AGGRESSIVE;
				CLANG_CXX_LANGUAGE_STANDARD = "gnu++20";
				CLANG_ENABLE_MODULES = YES;
				CLANG_ENABLE_OBJC_ARC = YES;
				CLANG_ENABLE_OBJC_WEAK = YES;
				CLANG_WARN_BLOCK_CAPTURE_AUTORELEASING = YES;
				CLANG_WARN_BOOL_CONVERSION = YES;
				CLANG_WARN_COMMA = YES;
				CLANG_WARN_CONSTANT_CONVERSION = YES;
				CLANG_WARN_DEPRECATED_OBJC_IMPLEMENTATIONS = YES;
				CLANG_WARN_DIRECT_OBJC_ISA_USAGE = YES_ERROR;
				CLANG_WARN_DOCUMENTATION_COMMENTS = YES;
				CLANG_WARN_EMPTY_BODY = YES;
				CLANG_WARN_ENUM_CONVERSION = YES;
				CLANG_WARN_INFINITE_RECURSION = YES;
				CLANG_WARN_INT_CONVERSION = YES;
				CLANG_WARN_NON_LITERAL_NULL_CONVERSION = YES;
				CLANG_WARN_OBJC_IMPLICIT_RETAIN_SELF = YES;
				CLANG_WARN_OBJC_LITERAL_CONVERSION = YES;
				CLANG_WARN_OBJC_ROOT_CLASS = YES_ERROR;
				CLANG_WARN_QUOTED_INCLUDE_IN_FRAMEWORK_HEADER = YES;
				CLANG_WARN_RANGE_LOOP_ANALYSIS = YES;
				CLANG_WARN_STRICT_PROTOTYPES = YES;
				CLANG_WARN_SUSPICIOUS_MOVE = YES;
				CLANG_WARN_UNGUARDED_AVAILABILITY = YES_AGGRESSIVE;
				CLANG_WARN_UNREACHABLE_CODE = YES;
				CLANG_WARN__DUPLICATE_METHOD_MATCH = YES;
				COPY_PHASE_STRIP = NO;
				DEBUG_INFORMATION_FORMAT = dwarf;
				ENABLE_STRICT_OBJC_MSGSEND = YES;
				ENABLE_TESTABILITY = YES;
				ENABLE_USER_SCRIPT_SANDBOXING = YES;
				GCC_C_LANGUAGE_STANDARD = gnu17;
				GCC_DYNAMIC_NO_PIC = NO;
				GCC_NO_COMMON_BLOCKS = YES;
				GCC_OPTIMIZATION_LEVEL = 0;
				GCC_PREPROCESSOR_DEFINITIONS = (
					"DEBUG=1",
					"$(inherited)",
				);
				GCC_WARN_64_TO_32_BIT_CONVERSION = YES;
				GCC_WARN_ABOUT_RETURN_TYPE = YES_ERROR;
				GCC_WARN_UNDECLARED_SELECTOR = YES;
				GCC_WARN_UNINITIALIZED_AUTOS = YES_AGGRESSIVE;
				GCC_WARN_UNUSED_FUNCTION = YES;
				GCC_WARN_UNUSED_VARIABLE = YES;
				IPHONEOS_DEPLOYMENT_TARGET = 17.4;
				LOCALIZATION_PREFERS_STRING_CATALOGS = YES;
				MTL_ENABLE_DEBUG_INFO = INCLUDE_SOURCE;
				MTL_FAST_MATH = YES;
				ONLY_ACTIVE_ARCH = YES;
				SDKROOT = iphoneos;
				SWIFT_ACTIVE_COMPILATION_CONDITIONS = "DEBUG $(inherited)";
				SWIFT_OPTIMIZATION_LEVEL = "-Onone";
			};
			name = Debug;
		};
		6D3588D42BEDD57C009EC508 /* Release */ = {
			isa = XCBuildConfiguration;
			buildSettings = {
				ALWAYS_SEARCH_USER_PATHS = NO;
				ASSETCATALOG_COMPILER_GENERATE_SWIFT_ASSET_SYMBOL_EXTENSIONS = YES;
				CLANG_ANALYZER_NONNULL = YES;
				CLANG_ANALYZER_NUMBER_OBJECT_CONVERSION = YES_AGGRESSIVE;
				CLANG_CXX_LANGUAGE_STANDARD = "gnu++20";
				CLANG_ENABLE_MODULES = YES;
				CLANG_ENABLE_OBJC_ARC = YES;
				CLANG_ENABLE_OBJC_WEAK = YES;
				CLANG_WARN_BLOCK_CAPTURE_AUTORELEASING = YES;
				CLANG_WARN_BOOL_CONVERSION = YES;
				CLANG_WARN_COMMA = YES;
				CLANG_WARN_CONSTANT_CONVERSION = YES;
				CLANG_WARN_DEPRECATED_OBJC_IMPLEMENTATIONS = YES;
				CLANG_WARN_DIRECT_OBJC_ISA_USAGE = YES_ERROR;
				CLANG_WARN_DOCUMENTATION_COMMENTS = YES;
				CLANG_WARN_EMPTY_BODY = YES;
				CLANG_WARN_ENUM_CONVERSION = YES;
				CLANG_WARN_INFINITE_RECURSION = YES;
				CLANG_WARN_INT_CONVERSION = YES;
				CLANG_WARN_NON_LITERAL_NULL_CONVERSION = YES;
				CLANG_WARN_OBJC_IMPLICIT_RETAIN_SELF = YES;
				CLANG_WARN_OBJC_LITERAL_CONVERSION = YES;
				CLANG_WARN_OBJC_ROOT_CLASS = YES_ERROR;
				CLANG_WARN_QUOTED_INCLUDE_IN_FRAMEWORK_HEADER = YES;
				CLANG_WARN_RANGE_LOOP_ANALYSIS = YES;
				CLANG_WARN_STRICT_PROTOTYPES = YES;
				CLANG_WARN_SUSPICIOUS_MOVE = YES;
				CLANG_WARN_UNGUARDED_AVAILABILITY = YES_AGGRESSIVE;
				CLANG_WARN_UNREACHABLE_CODE = YES;
				CLANG_WARN__DUPLICATE_METHOD_MATCH = YES;
				COPY_PHASE_STRIP = NO;
				DEBUG_INFORMATION_FORMAT = "dwarf-with-dsym";
				ENABLE_NS_ASSERTIONS = NO;
				ENABLE_STRICT_OBJC_MSGSEND = YES;
				ENABLE_USER_SCRIPT_SANDBOXING = YES;
				GCC_C_LANGUAGE_STANDARD = gnu17;
				GCC_NO_COMMON_BLOCKS = YES;
				GCC_WARN_64_TO_32_BIT_CONVERSION = YES;
				GCC_WARN_ABOUT_RETURN_TYPE = YES_ERROR;
				GCC_WARN_UNDECLARED_SELECTOR = YES;
				GCC_WARN_UNINITIALIZED_AUTOS = YES_AGGRESSIVE;
				GCC_WARN_UNUSED_FUNCTION = YES;
				GCC_WARN_UNUSED_VARIABLE = YES;
				IPHONEOS_DEPLOYMENT_TARGET = 17.4;
				LOCALIZATION_PREFERS_STRING_CATALOGS = YES;
				MTL_ENABLE_DEBUG_INFO = NO;
				MTL_FAST_MATH = YES;
				SDKROOT = iphoneos;
				SWIFT_COMPILATION_MODE = wholemodule;
				VALIDATE_PRODUCT = YES;
			};
			name = Release;
		};
		6D3588D62BEDD57C009EC508 /* Debug */ = {
			isa = XCBuildConfiguration;
			buildSettings = {
				ASSETCATALOG_COMPILER_APPICON_NAME = AppIcon;
				ASSETCATALOG_COMPILER_GLOBAL_ACCENT_COLOR_NAME = AccentColor;
				CODE_SIGN_STYLE = Automatic;
				CURRENT_PROJECT_VERSION = 1;
				DEVELOPMENT_ASSET_PATHS = "\"OlafMessenger/Preview Content\"";
				ENABLE_PREVIEWS = YES;
				GENERATE_INFOPLIST_FILE = YES;
				INFOPLIST_KEY_UIApplicationSceneManifest_Generation = YES;
				INFOPLIST_KEY_UIApplicationSupportsIndirectInputEvents = YES;
				INFOPLIST_KEY_UILaunchScreen_Generation = YES;
				INFOPLIST_KEY_UISupportedInterfaceOrientations_iPad = "UIInterfaceOrientationPortrait UIInterfaceOrientationPortraitUpsideDown UIInterfaceOrientationLandscapeLeft UIInterfaceOrientationLandscapeRight";
				INFOPLIST_KEY_UISupportedInterfaceOrientations_iPhone = "UIInterfaceOrientationPortrait UIInterfaceOrientationLandscapeLeft UIInterfaceOrientationLandscapeRight";
				LD_RUNPATH_SEARCH_PATHS = (
					"$(inherited)",
					"@executable_path/Frameworks",
				);
				MARKETING_VERSION = 1.0;
				PRODUCT_BUNDLE_IDENTIFIER = com.RebeccaAntonelli.OlafMessenger;
				PRODUCT_NAME = "$(TARGET_NAME)";
				SWIFT_EMIT_LOC_STRINGS = YES;
				SWIFT_VERSION = 5.0;
				TARGETED_DEVICE_FAMILY = "1,2";
			};
			name = Debug;
		};
		6D3588D72BEDD57C009EC508 /* Release */ = {
			isa = XCBuildConfiguration;
			buildSettings = {
				ASSETCATALOG_COMPILER_APPICON_NAME = AppIcon;
				ASSETCATALOG_COMPILER_GLOBAL_ACCENT_COLOR_NAME = AccentColor;
				CODE_SIGN_STYLE = Automatic;
				CURRENT_PROJECT_VERSION = 1;
				DEVELOPMENT_ASSET_PATHS = "\"OlafMessenger/Preview Content\"";
				ENABLE_PREVIEWS = YES;
				GENERATE_INFOPLIST_FILE = YES;
				INFOPLIST_KEY_UIApplicationSceneManifest_Generation = YES;
				INFOPLIST_KEY_UIApplicationSupportsIndirectInputEvents = YES;
				INFOPLIST_KEY_UILaunchScreen_Generation = YES;
				INFOPLIST_KEY_UISupportedInterfaceOrientations_iPad = "UIInterfaceOrientationPortrait UIInterfaceOrientationPortraitUpsideDown UIInterfaceOrientationLandscapeLeft UIInterfaceOrientationLandscapeRight";
				INFOPLIST_KEY_UISupportedInterfaceOrientations_iPhone = "UIInterfaceOrientationPortrait UIInterfaceOrientationLandscapeLeft UIInterfaceOrientationLandscapeRight";
				LD_RUNPATH_SEARCH_PATHS = (
					"$(inherited)",
					"@executable_path/Frameworks",
				);
				MARKETING_VERSION = 1.0;
				PRODUCT_BUNDLE_IDENTIFIER = com.RebeccaAntonelli.OlafMessenger;
				PRODUCT_NAME = "$(TARGET_NAME)";
				SWIFT_EMIT_LOC_STRINGS = YES;
				SWIFT_VERSION = 5.0;
				TARGETED_DEVICE_FAMILY = "1,2";
			};
			name = Release;
		};
/* End XCBuildConfiguration section */

/* Begin XCConfigurationList section */
		6D3588BD2BEDD57A009EC508 /* Build configuration list for PBXProject "OlafMessenger" */ = {
			isa = XCConfigurationList;
			buildConfigurations = (
				6D3588D32BEDD57C009EC508 /* Debug */,
				6D3588D42BEDD57C009EC508 /* Release */,
			);
			defaultConfigurationIsVisible = 0;
			defaultConfigurationName = Release;
		};
		6D3588D52BEDD57C009EC508 /* Build configuration list for PBXNativeTarget "OlafMessenger" */ = {
			isa = XCConfigurationList;
			buildConfigurations = (
				6D3588D62BEDD57C009EC508 /* Debug */,
				6D3588D72BEDD57C009EC508 /* Release */,
			);
			defaultConfigurationIsVisible = 0;
			defaultConfigurationName = Release;
		};
/* End XCConfigurationList section */

/* Begin XCVersionGroup section */
		6D3588D02BEDD57C009EC508 /* OlafMessenger.xcdatamodeld */ = {
			isa = XCVersionGroup;
			children = (
				6D3588D12BEDD57C009EC508 /* OlafMessenger.xcdatamodel */,
			);
			currentVersion = 6D3588D12BEDD57C009EC508 /* OlafMessenger.xcdatamodel */;
			path = OlafMessenger.xcdatamodeld;
			sourceTree = "<group>";
			versionGroupType = wrapper.xcdatamodel;
		};
/* End XCVersionGroup section */
	};
	rootObject = 6D3588BA2BEDD57A009EC508 /* Project object */;
}
